// !$*UTF8*$!
{
	archiveVersion = 1;
	classes = {
	};
	objectVersion = 46;
	objects = {

/* Begin PBXBuildFile section */
		3A10E1561BC9A63300FC14D9 /* main.m in Sources */ = {isa = PBXBuildFile; fileRef = 3A10E1551BC9A63300FC14D9 /* main.m */; };
		3A10E1591BC9A63300FC14D9 /* AppDelegate.m in Sources */ = {isa = PBXBuildFile; fileRef = 3A10E1581BC9A63300FC14D9 /* AppDelegate.m */; };
		3A10E15C1BC9A63300FC14D9 /* GapariViewController.m in Sources */ = {isa = PBXBuildFile; fileRef = 3A10E15B1BC9A63300FC14D9 /* GapariViewController.m */; };
		3A10E15F1BC9A63300FC14D9 /* Main.storyboard in Resources */ = {isa = PBXBuildFile; fileRef = 3A10E15D1BC9A63300FC14D9 /* Main.storyboard */; };
		3A10E1611BC9A63300FC14D9 /* Assets.xcassets in Resources */ = {isa = PBXBuildFile; fileRef = 3A10E1601BC9A63300FC14D9 /* Assets.xcassets */; };
		3A10E1641BC9A63300FC14D9 /* LaunchScreen.storyboard in Resources */ = {isa = PBXBuildFile; fileRef = 3A10E1621BC9A63300FC14D9 /* LaunchScreen.storyboard */; };
/* End PBXBuildFile section */

/* Begin PBXFileReference section */
		3A10E1511BC9A63300FC14D9 /* Gapari.app */ = {isa = PBXFileReference; explicitFileType = wrapper.application; includeInIndex = 0; path = Gapari.app; sourceTree = BUILT_PRODUCTS_DIR; };
		3A10E1551BC9A63300FC14D9 /* main.m */ = {isa = PBXFileReference; lastKnownFileType = sourcecode.c.objc; path = main.m; sourceTree = "<group>"; };
		3A10E1571BC9A63300FC14D9 /* AppDelegate.h */ = {isa = PBXFileReference; lastKnownFileType = sourcecode.c.h; path = AppDelegate.h; sourceTree = "<group>"; };
		3A10E1581BC9A63300FC14D9 /* AppDelegate.m */ = {isa = PBXFileReference; lastKnownFileType = sourcecode.c.objc; path = AppDelegate.m; sourceTree = "<group>"; };
		3A10E15A1BC9A63300FC14D9 /* GapariViewController.h */ = {isa = PBXFileReference; lastKnownFileType = sourcecode.c.h; path = GapariViewController.h; sourceTree = "<group>"; };
		3A10E15B1BC9A63300FC14D9 /* GapariViewController.m */ = {isa = PBXFileReference; lastKnownFileType = sourcecode.c.objc; path = GapariViewController.m; sourceTree = "<group>"; };
		3A10E15E1BC9A63300FC14D9 /* Base */ = {isa = PBXFileReference; lastKnownFileType = file.storyboard; name = Base; path = Base.lproj/Main.storyboard; sourceTree = "<group>"; };
		3A10E1601BC9A63300FC14D9 /* Assets.xcassets */ = {isa = PBXFileReference; lastKnownFileType = folder.assetcatalog; path = Assets.xcassets; sourceTree = "<group>"; };
		3A10E1631BC9A63300FC14D9 /* Base */ = {isa = PBXFileReference; lastKnownFileType = file.storyboard; name = Base; path = Base.lproj/LaunchScreen.storyboard; sourceTree = "<group>"; };
		3A10E1651BC9A63300FC14D9 /* Info.plist */ = {isa = PBXFileReference; lastKnownFileType = text.plist.xml; path = Info.plist; sourceTree = "<group>"; };
/* End PBXFileReference section */

/* Begin PBXFrameworksBuildPhase section */
		3A10E14E1BC9A63300FC14D9 /* Frameworks */ = {
			isa = PBXFrameworksBuildPhase;
			buildActionMask = 2147483647;
			files = (
			);
			runOnlyForDeploymentPostprocessing = 0;
		};
/* End PBXFrameworksBuildPhase section */

/* Begin PBXGroup section */
		3A10E1481BC9A63300FC14D9 = {
			isa = PBXGroup;
			children = (
				3A10E1531BC9A63300FC14D9 /* Gapari */,
				3A10E1521BC9A63300FC14D9 /* Products */,
			);
			sourceTree = "<group>";
		};
		3A10E1521BC9A63300FC14D9 /* Products */ = {
			isa = PBXGroup;
			children = (
				3A10E1511BC9A63300FC14D9 /* Gapari.app */,
			);
			name = Products;
			sourceTree = "<group>";
		};
		3A10E1531BC9A63300FC14D9 /* Gapari */ = {
			isa = PBXGroup;
			children = (
				3A10E16C1BC9A6C200FC14D9 /* API */,
				3A10E16B1BC9A6B400FC14D9 /* Views */,
				3A10E1571BC9A63300FC14D9 /* AppDelegate.h */,
				3A10E1581BC9A63300FC14D9 /* AppDelegate.m */,
				3A10E15D1BC9A63300FC14D9 /* Main.storyboard */,
				3A10E1601BC9A63300FC14D9 /* Assets.xcassets */,
				3A10E1621BC9A63300FC14D9 /* LaunchScreen.storyboard */,
				3A10E1651BC9A63300FC14D9 /* Info.plist */,
				3A10E1541BC9A63300FC14D9 /* Supporting Files */,
			);
			path = Gapari;
			sourceTree = "<group>";
		};
		3A10E1541BC9A63300FC14D9 /* Supporting Files */ = {
			isa = PBXGroup;
			children = (
				3A10E1551BC9A63300FC14D9 /* main.m */,
			);
			name = "Supporting Files";
			sourceTree = "<group>";
		};
		3A10E16B1BC9A6B400FC14D9 /* Views */ = {
			isa = PBXGroup;
			children = (
				3A10E15A1BC9A63300FC14D9 /* GapariViewController.h */,
				3A10E15B1BC9A63300FC14D9 /* GapariViewController.m */,
			);
			name = Views;
			sourceTree = "<group>";
		};
		3A10E16C1BC9A6C200FC14D9 /* API */ = {
			isa = PBXGroup;
			children = (
			);
			name = API;
			sourceTree = "<group>";
		};
/* End PBXGroup section */

/* Begin PBXNativeTarget section */
		3A10E1501BC9A63300FC14D9 /* Gapari */ = {
			isa = PBXNativeTarget;
			buildConfigurationList = 3A10E1681BC9A63300FC14D9 /* Build configuration list for PBXNativeTarget "Gapari" */;
			buildPhases = (
				3A10E14D1BC9A63300FC14D9 /* Sources */,
				3A10E14E1BC9A63300FC14D9 /* Frameworks */,
				3A10E14F1BC9A63300FC14D9 /* Resources */,
			);
			buildRules = (
			);
			dependencies = (
			);
			name = Gapari;
			productName = Gapari;
			productReference = 3A10E1511BC9A63300FC14D9 /* Gapari.app */;
			productType = "com.apple.product-type.application";
		};
/* End PBXNativeTarget section */

/* Begin PBXProject section */
		3A10E1491BC9A63300FC14D9 /* Project object */ = {
			isa = PBXProject;
			attributes = {
				LastUpgradeCheck = 0700;
				ORGANIZATIONNAME = gyst;
				TargetAttributes = {
					3A10E1501BC9A63300FC14D9 = {
						CreatedOnToolsVersion = 7.0;
					};
				};
			};
			buildConfigurationList = 3A10E14C1BC9A63300FC14D9 /* Build configuration list for PBXProject "Gapari" */;
			compatibilityVersion = "Xcode 3.2";
			developmentRegion = English;
			hasScannedForEncodings = 0;
			knownRegions = (
				en,
				Base,
			);
			mainGroup = 3A10E1481BC9A63300FC14D9;
			productRefGroup = 3A10E1521BC9A63300FC14D9 /* Products */;
			projectDirPath = "";
			projectRoot = "";
			targets = (
				3A10E1501BC9A63300FC14D9 /* Gapari */,
			);
		};
/* End PBXProject section */

/* Begin PBXResourcesBuildPhase section */
		3A10E14F1BC9A63300FC14D9 /* Resources */ = {
			isa = PBXResourcesBuildPhase;
			buildActionMask = 2147483647;
			files = (
				3A10E1641BC9A63300FC14D9 /* LaunchScreen.storyboard in Resources */,
				3A10E1611BC9A63300FC14D9 /* Assets.xcassets in Resources */,
				3A10E15F1BC9A63300FC14D9 /* Main.storyboard in Resources */,
			);
			runOnlyForDeploymentPostprocessing = 0;
		};
/* End PBXResourcesBuildPhase section */

/* Begin PBXSourcesBuildPhase section */
		3A10E14D1BC9A63300FC14D9 /* Sources */ = {
			isa = PBXSourcesBuildPhase;
			buildActionMask = 2147483647;
			files = (
				3A10E15C1BC9A63300FC14D9 /* GapariViewController.m in Sources */,
				3A10E1591BC9A63300FC14D9 /* AppDelegate.m in Sources */,
				3A10E1561BC9A63300FC14D9 /* main.m in Sources */,
			);
			runOnlyForDeploymentPostprocessing = 0;
		};
/* End PBXSourcesBuildPhase section */

/* Begin PBXVariantGroup section */
		3A10E15D1BC9A63300FC14D9 /* Main.storyboard */ = {
			isa = PBXVariantGroup;
			children = (
				3A10E15E1BC9A63300FC14D9 /* Base */,
			);
			name = Main.storyboard;
			sourceTree = "<group>";
		};
		3A10E1621BC9A63300FC14D9 /* LaunchScreen.storyboard */ = {
			isa = PBXVariantGroup;
			children = (
				3A10E1631BC9A63300FC14D9 /* Base */,
			);
			name = LaunchScreen.storyboard;
			sourceTree = "<group>";
		};
/* End PBXVariantGroup section */

/* Begin XCBuildConfiguration section */
		3A10E1661BC9A63300FC14D9 /* Debug */ = {
			isa = XCBuildConfiguration;
			buildSettings = {
				ALWAYS_SEARCH_USER_PATHS = NO;
				CLANG_CXX_LANGUAGE_STANDARD = "gnu++0x";
				CLANG_CXX_LIBRARY = "libc++";
				CLANG_ENABLE_MODULES = YES;
				CLANG_ENABLE_OBJC_ARC = YES;
				CLANG_WARN_BOOL_CONVERSION = YES;
				CLANG_WARN_CONSTANT_CONVERSION = YES;
				CLANG_WARN_DIRECT_OBJC_ISA_USAGE = YES_ERROR;
				CLANG_WARN_EMPTY_BODY = YES;
				CLANG_WARN_ENUM_CONVERSION = YES;
				CLANG_WARN_INT_CONVERSION = YES;
				CLANG_WARN_OBJC_ROOT_CLASS = YES_ERROR;
				CLANG_WARN_UNREACHABLE_CODE = YES;
				CLANG_WARN__DUPLICATE_METHOD_MATCH = YES;
				"CODE_SIGN_IDENTITY[sdk=iphoneos*]" = "iPhone Developer";
				COPY_PHASE_STRIP = NO;
				DEBUG_INFORMATION_FORMAT = dwarf;
				ENABLE_STRICT_OBJC_MSGSEND = YES;
				ENABLE_TESTABILITY = YES;
				GCC_C_LANGUAGE_STANDARD = gnu99;
				GCC_DYNAMIC_NO_PIC = NO;
				GCC_NO_COMMON_BLOCKS = YES;
				GCC_OPTIMIZATION_LEVEL = 0;
				GCC_PREPROCESSOR_DEFINITIONS = (
					"DEBUG=1",
					"$(inherited)",
				);
				GCC_WARN_64_TO_32_BIT_CONVERSION = YES;
				GCC_WARN_ABOUT_RETURN_TYPE = YES_ERROR;
				GCC_WARN_UNDECLARED_SELECTOR = YES;
				GCC_WARN_UNINITIALIZED_AUTOS = YES_AGGRESSIVE;
				GCC_WARN_UNUSED_FUNCTION = YES;
				GCC_WARN_UNUSED_VARIABLE = YES;
				IPHONEOS_DEPLOYMENT_TARGET = 9.0;
				MTL_ENABLE_DEBUG_INFO = YES;
				ONLY_ACTIVE_ARCH = YES;
				SDKROOT = iphoneos;
			};
			name = Debug;
		};
		3A10E1671BC9A63300FC14D9 /* Release */ = {
			isa = XCBuildConfiguration;
			buildSettings = {
				ALWAYS_SEARCH_USER_PATHS = NO;
				CLANG_CXX_LANGUAGE_STANDARD = "gnu++0x";
				CLANG_CXX_LIBRARY = "libc++";
				CLANG_ENABLE_MODULES = YES;
				CLANG_ENABLE_OBJC_ARC = YES;
				CLANG_WARN_BOOL_CONVERSION = YES;
				CLANG_WARN_CONSTANT_CONVERSION = YES;
				CLANG_WARN_DIRECT_OBJC_ISA_USAGE = YES_ERROR;
				CLANG_WARN_EMPTY_BODY = YES;
				CLANG_WARN_ENUM_CONVERSION = YES;
				CLANG_WARN_INT_CONVERSION = YES;
				CLANG_WARN_OBJC_ROOT_CLASS = YES_ERROR;
				CLANG_WARN_UNREACHABLE_CODE = YES;
				CLANG_WARN__DUPLICATE_METHOD_MATCH = YES;
				"CODE_SIGN_IDENTITY[sdk=iphoneos*]" = "iPhone Developer";
				COPY_PHASE_STRIP = NO;
				DEBUG_INFORMATION_FORMAT = "dwarf-with-dsym";
				ENABLE_NS_ASSERTIONS = NO;
				ENABLE_STRICT_OBJC_MSGSEND = YES;
				GCC_C_LANGUAGE_STANDARD = gnu99;
				GCC_NO_COMMON_BLOCKS = YES;
				GCC_WARN_64_TO_32_BIT_CONVERSION = YES;
				GCC_WARN_ABOUT_RETURN_TYPE = YES_ERROR;
				GCC_WARN_UNDECLARED_SELECTOR = YES;
				GCC_WARN_UNINITIALIZED_AUTOS = YES_AGGRESSIVE;
				GCC_WARN_UNUSED_FUNCTION = YES;
				GCC_WARN_UNUSED_VARIABLE = YES;
				IPHONEOS_DEPLOYMENT_TARGET = 9.0;
				MTL_ENABLE_DEBUG_INFO = NO;
				SDKROOT = iphoneos;
				VALIDATE_PRODUCT = YES;
			};
			name = Release;
		};
		3A10E1691BC9A63300FC14D9 /* Debug */ = {
			isa = XCBuildConfiguration;
			buildSettings = {
				ASSETCATALOG_COMPILER_APPICON_NAME = AppIcon;
				INFOPLIST_FILE = Gapari/Info.plist;
				LD_RUNPATH_SEARCH_PATHS = "$(inherited) @executable_path/Frameworks";
				PRODUCT_BUNDLE_IDENTIFIER = gyst.Gapari;
				PRODUCT_NAME = "$(TARGET_NAME)";
			};
			name = Debug;
		};
		3A10E16A1BC9A63300FC14D9 /* Release */ = {
			isa = XCBuildConfiguration;
			buildSettings = {
				ASSETCATALOG_COMPILER_APPICON_NAME = AppIcon;
				INFOPLIST_FILE = Gapari/Info.plist;
				LD_RUNPATH_SEARCH_PATHS = "$(inherited) @executable_path/Frameworks";
				PRODUCT_BUNDLE_IDENTIFIER = gyst.Gapari;
				PRODUCT_NAME = "$(TARGET_NAME)";
			};
			name = Release;
		};
/* End XCBuildConfiguration section */

/* Begin XCConfigurationList section */
		3A10E14C1BC9A63300FC14D9 /* Build configuration list for PBXProject "Gapari" */ = {
			isa = XCConfigurationList;
			buildConfigurations = (
				3A10E1661BC9A63300FC14D9 /* Debug */,
				3A10E1671BC9A63300FC14D9 /* Release */,
			);
			defaultConfigurationIsVisible = 0;
			defaultConfigurationName = Release;
		};
		3A10E1681BC9A63300FC14D9 /* Build configuration list for PBXNativeTarget "Gapari" */ = {
			isa = XCConfigurationList;
			buildConfigurations = (
				3A10E1691BC9A63300FC14D9 /* Debug */,
				3A10E16A1BC9A63300FC14D9 /* Release */,
			);
			defaultConfigurationIsVisible = 0;
		};
/* End XCConfigurationList section */
	};
	rootObject = 3A10E1491BC9A63300FC14D9 /* Project object */;
}
